// !$*UTF8*$!
{
	archiveVersion = 1;
	classes = {
	};
	objectVersion = 50;
	objects = {

/* Begin PBXBuildFile section */
		7D21B57BA7836319298B09E8 /* Pods_Cities.framework in Frameworks */ = {isa = PBXBuildFile; fileRef = 72F64164D3EA5325442AC16E /* Pods_Cities.framework */; };
		A351A4B52240F46F00D0D031 /* CountryCell.swift in Sources */ = {isa = PBXBuildFile; fileRef = A351A4B32240F46F00D0D031 /* CountryCell.swift */; };
		A351A4B62240F46F00D0D031 /* CountryCell.xib in Resources */ = {isa = PBXBuildFile; fileRef = A351A4B42240F46F00D0D031 /* CountryCell.xib */; };
		A351A4B92243EAAC00D0D031 /* CountriesService.swift in Sources */ = {isa = PBXBuildFile; fileRef = A351A4B82243EAAC00D0D031 /* CountriesService.swift */; };
		A351A4BB2243EBB300D0D031 /* Country.swift in Sources */ = {isa = PBXBuildFile; fileRef = A351A4BA2243EBB300D0D031 /* Country.swift */; };
		A351A4BE2243EE8C00D0D031 /* CountriesAPI.swift in Sources */ = {isa = PBXBuildFile; fileRef = A351A4BD2243EE8C00D0D031 /* CountriesAPI.swift */; };
		A351A4C02243F75200D0D031 /* CountriesTarget.swift in Sources */ = {isa = PBXBuildFile; fileRef = A351A4BF2243F75200D0D031 /* CountriesTarget.swift */; };
		A351A4C42244078600D0D031 /* CountryViewController.swift in Sources */ = {isa = PBXBuildFile; fileRef = A351A4C22244078600D0D031 /* CountryViewController.swift */; };
		A351A4C52244078600D0D031 /* CountryViewController.xib in Resources */ = {isa = PBXBuildFile; fileRef = A351A4C32244078600D0D031 /* CountryViewController.xib */; };
		A351A4C72244079900D0D031 /* CountryCoordinator.swift in Sources */ = {isa = PBXBuildFile; fileRef = A351A4C62244079900D0D031 /* CountryCoordinator.swift */; };
		A351A4C9224407A300D0D031 /* CountryViewModel.swift in Sources */ = {isa = PBXBuildFile; fileRef = A351A4C8224407A300D0D031 /* CountryViewModel.swift */; };
		A3BDC6F6223F732F006C7F90 /* AppDelegate.swift in Sources */ = {isa = PBXBuildFile; fileRef = A3BDC6F5223F732F006C7F90 /* AppDelegate.swift */; };
		A3BDC6FB223F732F006C7F90 /* Main.storyboard in Resources */ = {isa = PBXBuildFile; fileRef = A3BDC6F9223F732F006C7F90 /* Main.storyboard */; };
		A3BDC6FD223F7330006C7F90 /* Assets.xcassets in Resources */ = {isa = PBXBuildFile; fileRef = A3BDC6FC223F7330006C7F90 /* Assets.xcassets */; };
		A3BDC700223F7330006C7F90 /* LaunchScreen.storyboard in Resources */ = {isa = PBXBuildFile; fileRef = A3BDC6FE223F7330006C7F90 /* LaunchScreen.storyboard */; };
		A3BDC70B223F7331006C7F90 /* CitiesTests.swift in Sources */ = {isa = PBXBuildFile; fileRef = A3BDC70A223F7331006C7F90 /* CitiesTests.swift */; };
		A3EA5C0B223FA1BE00B471A0 /* CountriesListViewController.swift in Sources */ = {isa = PBXBuildFile; fileRef = A3EA5C09223FA1BE00B471A0 /* CountriesListViewController.swift */; };
		A3EA5C0C223FA1BE00B471A0 /* CountriesListViewController.xib in Resources */ = {isa = PBXBuildFile; fileRef = A3EA5C0A223FA1BE00B471A0 /* CountriesListViewController.xib */; };
		A3EA5C0E223FA1ED00B471A0 /* CountriesListViewModel.swift in Sources */ = {isa = PBXBuildFile; fileRef = A3EA5C0D223FA1ED00B471A0 /* CountriesListViewModel.swift */; };
		A3EA5C11223FA40800B471A0 /* Coordinator.swift in Sources */ = {isa = PBXBuildFile; fileRef = A3EA5C10223FA40800B471A0 /* Coordinator.swift */; };
		A3EA5C13223FA48C00B471A0 /* AppCoordinator.swift in Sources */ = {isa = PBXBuildFile; fileRef = A3EA5C12223FA48C00B471A0 /* AppCoordinator.swift */; };
		A3EA5C16223FA5A900B471A0 /* UIViewController+Rx.swift in Sources */ = {isa = PBXBuildFile; fileRef = A3EA5C15223FA5A900B471A0 /* UIViewController+Rx.swift */; };
		A3EA5C18223FA62C00B471A0 /* CountriesListCoordinator.swift in Sources */ = {isa = PBXBuildFile; fileRef = A3EA5C17223FA62C00B471A0 /* CountriesListCoordinator.swift */; };
		EEBBE8E398FC3831549D799B /* Pods_CitiesTests.framework in Frameworks */ = {isa = PBXBuildFile; fileRef = D0E0CEF65E81861D8345EC69 /* Pods_CitiesTests.framework */; };
/* End PBXBuildFile section */

/* Begin PBXContainerItemProxy section */
		A3BDC707223F7331006C7F90 /* PBXContainerItemProxy */ = {
			isa = PBXContainerItemProxy;
			containerPortal = A3BDC6EA223F732F006C7F90 /* Project object */;
			proxyType = 1;
			remoteGlobalIDString = A3BDC6F1223F732F006C7F90;
			remoteInfo = Cities;
		};
/* End PBXContainerItemProxy section */

/* Begin PBXFileReference section */
		0705F7684B71F9E54A483A0C /* Pods-Cities.release.xcconfig */ = {isa = PBXFileReference; includeInIndex = 1; lastKnownFileType = text.xcconfig; name = "Pods-Cities.release.xcconfig"; path = "Target Support Files/Pods-Cities/Pods-Cities.release.xcconfig"; sourceTree = "<group>"; };
		6E6928C760C9B2158ADF0764 /* Pods-CitiesTests.debug.xcconfig */ = {isa = PBXFileReference; includeInIndex = 1; lastKnownFileType = text.xcconfig; name = "Pods-CitiesTests.debug.xcconfig"; path = "Target Support Files/Pods-CitiesTests/Pods-CitiesTests.debug.xcconfig"; sourceTree = "<group>"; };
		70A224E90B895A804F753ED0 /* Pods-Cities.debug.xcconfig */ = {isa = PBXFileReference; includeInIndex = 1; lastKnownFileType = text.xcconfig; name = "Pods-Cities.debug.xcconfig"; path = "Target Support Files/Pods-Cities/Pods-Cities.debug.xcconfig"; sourceTree = "<group>"; };
		72F64164D3EA5325442AC16E /* Pods_Cities.framework */ = {isa = PBXFileReference; explicitFileType = wrapper.framework; includeInIndex = 0; path = Pods_Cities.framework; sourceTree = BUILT_PRODUCTS_DIR; };
		9CCD8FC42EFC95D8F045770B /* Pods-CitiesTests.release.xcconfig */ = {isa = PBXFileReference; includeInIndex = 1; lastKnownFileType = text.xcconfig; name = "Pods-CitiesTests.release.xcconfig"; path = "Target Support Files/Pods-CitiesTests/Pods-CitiesTests.release.xcconfig"; sourceTree = "<group>"; };
		A351A4B32240F46F00D0D031 /* CountryCell.swift */ = {isa = PBXFileReference; lastKnownFileType = sourcecode.swift; path = CountryCell.swift; sourceTree = "<group>"; };
		A351A4B42240F46F00D0D031 /* CountryCell.xib */ = {isa = PBXFileReference; lastKnownFileType = file.xib; path = CountryCell.xib; sourceTree = "<group>"; };
		A351A4B82243EAAC00D0D031 /* CountriesService.swift */ = {isa = PBXFileReference; lastKnownFileType = sourcecode.swift; path = CountriesService.swift; sourceTree = "<group>"; };
		A351A4BA2243EBB300D0D031 /* Country.swift */ = {isa = PBXFileReference; lastKnownFileType = sourcecode.swift; path = Country.swift; sourceTree = "<group>"; };
		A351A4BD2243EE8C00D0D031 /* CountriesAPI.swift */ = {isa = PBXFileReference; lastKnownFileType = sourcecode.swift; path = CountriesAPI.swift; sourceTree = "<group>"; };
		A351A4BF2243F75200D0D031 /* CountriesTarget.swift */ = {isa = PBXFileReference; lastKnownFileType = sourcecode.swift; path = CountriesTarget.swift; sourceTree = "<group>"; };
		A351A4C22244078600D0D031 /* CountryViewController.swift */ = {isa = PBXFileReference; lastKnownFileType = sourcecode.swift; path = CountryViewController.swift; sourceTree = "<group>"; };
		A351A4C32244078600D0D031 /* CountryViewController.xib */ = {isa = PBXFileReference; lastKnownFileType = file.xib; path = CountryViewController.xib; sourceTree = "<group>"; };
		A351A4C62244079900D0D031 /* CountryCoordinator.swift */ = {isa = PBXFileReference; lastKnownFileType = sourcecode.swift; path = CountryCoordinator.swift; sourceTree = "<group>"; };
		A351A4C8224407A300D0D031 /* CountryViewModel.swift */ = {isa = PBXFileReference; lastKnownFileType = sourcecode.swift; path = CountryViewModel.swift; sourceTree = "<group>"; };
		A3BDC6F2223F732F006C7F90 /* Cities.app */ = {isa = PBXFileReference; explicitFileType = wrapper.application; includeInIndex = 0; path = Cities.app; sourceTree = BUILT_PRODUCTS_DIR; };
		A3BDC6F5223F732F006C7F90 /* AppDelegate.swift */ = {isa = PBXFileReference; lastKnownFileType = sourcecode.swift; path = AppDelegate.swift; sourceTree = "<group>"; };
		A3BDC6FA223F732F006C7F90 /* Base */ = {isa = PBXFileReference; lastKnownFileType = file.storyboard; name = Base; path = Base.lproj/Main.storyboard; sourceTree = "<group>"; };
		A3BDC6FC223F7330006C7F90 /* Assets.xcassets */ = {isa = PBXFileReference; lastKnownFileType = folder.assetcatalog; path = Assets.xcassets; sourceTree = "<group>"; };
		A3BDC6FF223F7330006C7F90 /* Base */ = {isa = PBXFileReference; lastKnownFileType = file.storyboard; name = Base; path = Base.lproj/LaunchScreen.storyboard; sourceTree = "<group>"; };
		A3BDC701223F7330006C7F90 /* Info.plist */ = {isa = PBXFileReference; lastKnownFileType = text.plist.xml; path = Info.plist; sourceTree = "<group>"; };
		A3BDC706223F7331006C7F90 /* CitiesTests.xctest */ = {isa = PBXFileReference; explicitFileType = wrapper.cfbundle; includeInIndex = 0; path = CitiesTests.xctest; sourceTree = BUILT_PRODUCTS_DIR; };
		A3BDC70A223F7331006C7F90 /* CitiesTests.swift */ = {isa = PBXFileReference; lastKnownFileType = sourcecode.swift; path = CitiesTests.swift; sourceTree = "<group>"; };
		A3BDC70C223F7331006C7F90 /* Info.plist */ = {isa = PBXFileReference; lastKnownFileType = text.plist.xml; path = Info.plist; sourceTree = "<group>"; };
		A3EA5C09223FA1BE00B471A0 /* CountriesListViewController.swift */ = {isa = PBXFileReference; lastKnownFileType = sourcecode.swift; path = CountriesListViewController.swift; sourceTree = "<group>"; };
		A3EA5C0A223FA1BE00B471A0 /* CountriesListViewController.xib */ = {isa = PBXFileReference; lastKnownFileType = file.xib; path = CountriesListViewController.xib; sourceTree = "<group>"; };
		A3EA5C0D223FA1ED00B471A0 /* CountriesListViewModel.swift */ = {isa = PBXFileReference; lastKnownFileType = sourcecode.swift; path = CountriesListViewModel.swift; sourceTree = "<group>"; };
		A3EA5C10223FA40800B471A0 /* Coordinator.swift */ = {isa = PBXFileReference; lastKnownFileType = sourcecode.swift; path = Coordinator.swift; sourceTree = "<group>"; };
		A3EA5C12223FA48C00B471A0 /* AppCoordinator.swift */ = {isa = PBXFileReference; lastKnownFileType = sourcecode.swift; path = AppCoordinator.swift; sourceTree = "<group>"; };
		A3EA5C15223FA5A900B471A0 /* UIViewController+Rx.swift */ = {isa = PBXFileReference; lastKnownFileType = sourcecode.swift; path = "UIViewController+Rx.swift"; sourceTree = "<group>"; };
		A3EA5C17223FA62C00B471A0 /* CountriesListCoordinator.swift */ = {isa = PBXFileReference; lastKnownFileType = sourcecode.swift; path = CountriesListCoordinator.swift; sourceTree = "<group>"; };
		D0E0CEF65E81861D8345EC69 /* Pods_CitiesTests.framework */ = {isa = PBXFileReference; explicitFileType = wrapper.framework; includeInIndex = 0; path = Pods_CitiesTests.framework; sourceTree = BUILT_PRODUCTS_DIR; };
/* End PBXFileReference section */

/* Begin PBXFrameworksBuildPhase section */
		A3BDC6EF223F732F006C7F90 /* Frameworks */ = {
			isa = PBXFrameworksBuildPhase;
			buildActionMask = 2147483647;
			files = (
				7D21B57BA7836319298B09E8 /* Pods_Cities.framework in Frameworks */,
			);
			runOnlyForDeploymentPostprocessing = 0;
		};
		A3BDC703223F7331006C7F90 /* Frameworks */ = {
			isa = PBXFrameworksBuildPhase;
			buildActionMask = 2147483647;
			files = (
				EEBBE8E398FC3831549D799B /* Pods_CitiesTests.framework in Frameworks */,
			);
			runOnlyForDeploymentPostprocessing = 0;
		};
/* End PBXFrameworksBuildPhase section */

/* Begin PBXGroup section */
		73678C92F68F9822F61F563A /* Frameworks */ = {
			isa = PBXGroup;
			children = (
				72F64164D3EA5325442AC16E /* Pods_Cities.framework */,
				D0E0CEF65E81861D8345EC69 /* Pods_CitiesTests.framework */,
			);
			name = Frameworks;
			sourceTree = "<group>";
		};
		A351A4B22240F44300D0D031 /* Cells */ = {
			isa = PBXGroup;
			children = (
				A351A4B32240F46F00D0D031 /* CountryCell.swift */,
				A351A4B42240F46F00D0D031 /* CountryCell.xib */,
			);
			path = Cells;
			sourceTree = "<group>";
		};
		A351A4B72243EA9900D0D031 /* Services */ = {
			isa = PBXGroup;
			children = (
				A351A4B82243EAAC00D0D031 /* CountriesService.swift */,
			);
			path = Services;
			sourceTree = "<group>";
		};
		A351A4BC2243EE7700D0D031 /* API */ = {
			isa = PBXGroup;
			children = (
				A351A4BD2243EE8C00D0D031 /* CountriesAPI.swift */,
				A351A4BF2243F75200D0D031 /* CountriesTarget.swift */,
			);
			path = API;
			sourceTree = "<group>";
		};
		A351A4C12244075800D0D031 /* Country */ = {
			isa = PBXGroup;
			children = (
				A351A4C22244078600D0D031 /* CountryViewController.swift */,
				A351A4C32244078600D0D031 /* CountryViewController.xib */,
				A351A4C8224407A300D0D031 /* CountryViewModel.swift */,
				A351A4C62244079900D0D031 /* CountryCoordinator.swift */,
			);
			path = Country;
			sourceTree = "<group>";
		};
		A3BDC6E9223F732F006C7F90 = {
			isa = PBXGroup;
			children = (
				A3BDC6F4223F732F006C7F90 /* Cities */,
				A3BDC709223F7331006C7F90 /* CitiesTests */,
				A3BDC6F3223F732F006C7F90 /* Products */,
				F0B36A3414D6CBB7D8E9120F /* Pods */,
				73678C92F68F9822F61F563A /* Frameworks */,
			);
			sourceTree = "<group>";
		};
		A3BDC6F3223F732F006C7F90 /* Products */ = {
			isa = PBXGroup;
			children = (
				A3BDC6F2223F732F006C7F90 /* Cities.app */,
				A3BDC706223F7331006C7F90 /* CitiesTests.xctest */,
			);
			name = Products;
			sourceTree = "<group>";
		};
		A3BDC6F4223F732F006C7F90 /* Cities */ = {
			isa = PBXGroup;
			children = (
				A351A4BC2243EE7700D0D031 /* API */,
				A351A4B72243EA9900D0D031 /* Services */,
				A3EA5C19223FB61500B471A0 /* Models */,
				A3EA5C14223FA59300B471A0 /* Extensions */,
				A3EA5C0F223FA3F900B471A0 /* Common */,
				A3EA5C07223F9F5100B471A0 /* Modules */,
				A3BDC6F5223F732F006C7F90 /* AppDelegate.swift */,
				A3EA5C12223FA48C00B471A0 /* AppCoordinator.swift */,
				A3BDC6F9223F732F006C7F90 /* Main.storyboard */,
				A3BDC6FC223F7330006C7F90 /* Assets.xcassets */,
				A3BDC6FE223F7330006C7F90 /* LaunchScreen.storyboard */,
				A3BDC701223F7330006C7F90 /* Info.plist */,
			);
			path = Cities;
			sourceTree = "<group>";
		};
		A3BDC709223F7331006C7F90 /* CitiesTests */ = {
			isa = PBXGroup;
			children = (
				A3BDC70A223F7331006C7F90 /* CitiesTests.swift */,
				A3BDC70C223F7331006C7F90 /* Info.plist */,
			);
			path = CitiesTests;
			sourceTree = "<group>";
		};
		A3EA5C07223F9F5100B471A0 /* Modules */ = {
			isa = PBXGroup;
			children = (
				A351A4C12244075800D0D031 /* Country */,
				A3EA5C08223F9F5900B471A0 /* CountriesList */,
			);
			path = Modules;
			sourceTree = "<group>";
		};
		A3EA5C08223F9F5900B471A0 /* CountriesList */ = {
			isa = PBXGroup;
			children = (
				A351A4B22240F44300D0D031 /* Cells */,
				A3EA5C09223FA1BE00B471A0 /* CountriesListViewController.swift */,
				A3EA5C0A223FA1BE00B471A0 /* CountriesListViewController.xib */,
				A3EA5C0D223FA1ED00B471A0 /* CountriesListViewModel.swift */,
				A3EA5C17223FA62C00B471A0 /* CountriesListCoordinator.swift */,
			);
			path = CountriesList;
			sourceTree = "<group>";
		};
		A3EA5C0F223FA3F900B471A0 /* Common */ = {
			isa = PBXGroup;
			children = (
				A3EA5C10223FA40800B471A0 /* Coordinator.swift */,
			);
			path = Common;
			sourceTree = "<group>";
		};
		A3EA5C14223FA59300B471A0 /* Extensions */ = {
			isa = PBXGroup;
			children = (
				A3EA5C15223FA5A900B471A0 /* UIViewController+Rx.swift */,
			);
			path = Extensions;
			sourceTree = "<group>";
		};
		A3EA5C19223FB61500B471A0 /* Models */ = {
			isa = PBXGroup;
			children = (
				A351A4BA2243EBB300D0D031 /* Country.swift */,
			);
			path = Models;
			sourceTree = "<group>";
		};
		F0B36A3414D6CBB7D8E9120F /* Pods */ = {
			isa = PBXGroup;
			children = (
				70A224E90B895A804F753ED0 /* Pods-Cities.debug.xcconfig */,
				0705F7684B71F9E54A483A0C /* Pods-Cities.release.xcconfig */,
				6E6928C760C9B2158ADF0764 /* Pods-CitiesTests.debug.xcconfig */,
				9CCD8FC42EFC95D8F045770B /* Pods-CitiesTests.release.xcconfig */,
			);
			path = Pods;
			sourceTree = "<group>";
		};
/* End PBXGroup section */

/* Begin PBXNativeTarget section */
		A3BDC6F1223F732F006C7F90 /* Cities */ = {
			isa = PBXNativeTarget;
			buildConfigurationList = A3BDC70F223F7331006C7F90 /* Build configuration list for PBXNativeTarget "Cities" */;
			buildPhases = (
				5CDB5A4148FE4CDD9A59E922 /* [CP] Check Pods Manifest.lock */,
				A3BDC6EE223F732F006C7F90 /* Sources */,
				A3BDC6EF223F732F006C7F90 /* Frameworks */,
				A3BDC6F0223F732F006C7F90 /* Resources */,
				D7233050FD19EBA9A38B70AD /* [CP] Embed Pods Frameworks */,
			);
			buildRules = (
			);
			dependencies = (
			);
			name = Cities;
			productName = Cities;
			productReference = A3BDC6F2223F732F006C7F90 /* Cities.app */;
			productType = "com.apple.product-type.application";
		};
		A3BDC705223F7331006C7F90 /* CitiesTests */ = {
			isa = PBXNativeTarget;
			buildConfigurationList = A3BDC712223F7331006C7F90 /* Build configuration list for PBXNativeTarget "CitiesTests" */;
			buildPhases = (
				16E8A41A97CF1881886E740E /* [CP] Check Pods Manifest.lock */,
				A3BDC702223F7331006C7F90 /* Sources */,
				A3BDC703223F7331006C7F90 /* Frameworks */,
				A3BDC704223F7331006C7F90 /* Resources */,
				0DBADABAAD0DA7502F5A1C54 /* [CP] Embed Pods Frameworks */,
			);
			buildRules = (
			);
			dependencies = (
				A3BDC708223F7331006C7F90 /* PBXTargetDependency */,
			);
			name = CitiesTests;
			productName = CitiesTests;
			productReference = A3BDC706223F7331006C7F90 /* CitiesTests.xctest */;
			productType = "com.apple.product-type.bundle.unit-test";
		};
/* End PBXNativeTarget section */

/* Begin PBXProject section */
		A3BDC6EA223F732F006C7F90 /* Project object */ = {
			isa = PBXProject;
			attributes = {
				LastSwiftUpdateCheck = 1010;
				LastUpgradeCheck = 1010;
				ORGANIZATIONNAME = "Nikita Moiseev";
				TargetAttributes = {
					A3BDC6F1223F732F006C7F90 = {
						CreatedOnToolsVersion = 10.1;
					};
					A3BDC705223F7331006C7F90 = {
						CreatedOnToolsVersion = 10.1;
						TestTargetID = A3BDC6F1223F732F006C7F90;
					};
				};
			};
			buildConfigurationList = A3BDC6ED223F732F006C7F90 /* Build configuration list for PBXProject "Cities" */;
			compatibilityVersion = "Xcode 9.3";
			developmentRegion = en;
			hasScannedForEncodings = 0;
			knownRegions = (
				en,
				Base,
			);
			mainGroup = A3BDC6E9223F732F006C7F90;
			productRefGroup = A3BDC6F3223F732F006C7F90 /* Products */;
			projectDirPath = "";
			projectRoot = "";
			targets = (
				A3BDC6F1223F732F006C7F90 /* Cities */,
				A3BDC705223F7331006C7F90 /* CitiesTests */,
			);
		};
/* End PBXProject section */

/* Begin PBXResourcesBuildPhase section */
		A3BDC6F0223F732F006C7F90 /* Resources */ = {
			isa = PBXResourcesBuildPhase;
			buildActionMask = 2147483647;
			files = (
				A3BDC700223F7330006C7F90 /* LaunchScreen.storyboard in Resources */,
				A351A4B62240F46F00D0D031 /* CountryCell.xib in Resources */,
				A3EA5C0C223FA1BE00B471A0 /* CountriesListViewController.xib in Resources */,
				A3BDC6FD223F7330006C7F90 /* Assets.xcassets in Resources */,
				A3BDC6FB223F732F006C7F90 /* Main.storyboard in Resources */,
				A351A4C52244078600D0D031 /* CountryViewController.xib in Resources */,
			);
			runOnlyForDeploymentPostprocessing = 0;
		};
		A3BDC704223F7331006C7F90 /* Resources */ = {
			isa = PBXResourcesBuildPhase;
			buildActionMask = 2147483647;
			files = (
			);
			runOnlyForDeploymentPostprocessing = 0;
		};
/* End PBXResourcesBuildPhase section */

/* Begin PBXShellScriptBuildPhase section */
		0DBADABAAD0DA7502F5A1C54 /* [CP] Embed Pods Frameworks */ = {
			isa = PBXShellScriptBuildPhase;
			buildActionMask = 2147483647;
			files = (
			);
			inputFileListPaths = (
			);
			inputPaths = (
				"${PODS_ROOT}/Target Support Files/Pods-CitiesTests/Pods-CitiesTests-frameworks.sh",
				"${BUILT_PRODUCTS_DIR}/RxAtomic/RxAtomic.framework",
				"${BUILT_PRODUCTS_DIR}/RxSwift/RxSwift.framework",
				"${BUILT_PRODUCTS_DIR}/RxBlocking/RxBlocking.framework",
				"${BUILT_PRODUCTS_DIR}/RxTest/RxTest.framework",
			);
			name = "[CP] Embed Pods Frameworks";
			outputFileListPaths = (
			);
			outputPaths = (
				"${TARGET_BUILD_DIR}/${FRAMEWORKS_FOLDER_PATH}/RxAtomic.framework",
				"${TARGET_BUILD_DIR}/${FRAMEWORKS_FOLDER_PATH}/RxSwift.framework",
				"${TARGET_BUILD_DIR}/${FRAMEWORKS_FOLDER_PATH}/RxBlocking.framework",
				"${TARGET_BUILD_DIR}/${FRAMEWORKS_FOLDER_PATH}/RxTest.framework",
			);
			runOnlyForDeploymentPostprocessing = 0;
			shellPath = /bin/sh;
			shellScript = "\"${PODS_ROOT}/Target Support Files/Pods-CitiesTests/Pods-CitiesTests-frameworks.sh\"\n";
			showEnvVarsInLog = 0;
		};
		16E8A41A97CF1881886E740E /* [CP] Check Pods Manifest.lock */ = {
			isa = PBXShellScriptBuildPhase;
			buildActionMask = 2147483647;
			files = (
			);
			inputFileListPaths = (
			);
			inputPaths = (
				"${PODS_PODFILE_DIR_PATH}/Podfile.lock",
				"${PODS_ROOT}/Manifest.lock",
			);
			name = "[CP] Check Pods Manifest.lock";
			outputFileListPaths = (
			);
			outputPaths = (
				"$(DERIVED_FILE_DIR)/Pods-CitiesTests-checkManifestLockResult.txt",
			);
			runOnlyForDeploymentPostprocessing = 0;
			shellPath = /bin/sh;
			shellScript = "diff \"${PODS_PODFILE_DIR_PATH}/Podfile.lock\" \"${PODS_ROOT}/Manifest.lock\" > /dev/null\nif [ $? != 0 ] ; then\n    # print error to STDERR\n    echo \"error: The sandbox is not in sync with the Podfile.lock. Run 'pod install' or update your CocoaPods installation.\" >&2\n    exit 1\nfi\n# This output is used by Xcode 'outputs' to avoid re-running this script phase.\necho \"SUCCESS\" > \"${SCRIPT_OUTPUT_FILE_0}\"\n";
			showEnvVarsInLog = 0;
		};
		5CDB5A4148FE4CDD9A59E922 /* [CP] Check Pods Manifest.lock */ = {
			isa = PBXShellScriptBuildPhase;
			buildActionMask = 2147483647;
			files = (
			);
			inputFileListPaths = (
			);
			inputPaths = (
				"${PODS_PODFILE_DIR_PATH}/Podfile.lock",
				"${PODS_ROOT}/Manifest.lock",
			);
			name = "[CP] Check Pods Manifest.lock";
			outputFileListPaths = (
			);
			outputPaths = (
				"$(DERIVED_FILE_DIR)/Pods-Cities-checkManifestLockResult.txt",
			);
			runOnlyForDeploymentPostprocessing = 0;
			shellPath = /bin/sh;
			shellScript = "diff \"${PODS_PODFILE_DIR_PATH}/Podfile.lock\" \"${PODS_ROOT}/Manifest.lock\" > /dev/null\nif [ $? != 0 ] ; then\n    # print error to STDERR\n    echo \"error: The sandbox is not in sync with the Podfile.lock. Run 'pod install' or update your CocoaPods installation.\" >&2\n    exit 1\nfi\n# This output is used by Xcode 'outputs' to avoid re-running this script phase.\necho \"SUCCESS\" > \"${SCRIPT_OUTPUT_FILE_0}\"\n";
			showEnvVarsInLog = 0;
		};
		D7233050FD19EBA9A38B70AD /* [CP] Embed Pods Frameworks */ = {
			isa = PBXShellScriptBuildPhase;
			buildActionMask = 2147483647;
			files = (
			);
			inputFileListPaths = (
			);
			inputPaths = (
				"${PODS_ROOT}/Target Support Files/Pods-Cities/Pods-Cities-frameworks.sh",
				"${BUILT_PRODUCTS_DIR}/Alamofire/Alamofire.framework",
				"${BUILT_PRODUCTS_DIR}/Moya/Moya.framework",
				"${BUILT_PRODUCTS_DIR}/Result/Result.framework",
				"${BUILT_PRODUCTS_DIR}/RxAtomic/RxAtomic.framework",
				"${BUILT_PRODUCTS_DIR}/RxCocoa/RxCocoa.framework",
				"${BUILT_PRODUCTS_DIR}/RxSwift/RxSwift.framework",
			);
			name = "[CP] Embed Pods Frameworks";
			outputFileListPaths = (
			);
			outputPaths = (
				"${TARGET_BUILD_DIR}/${FRAMEWORKS_FOLDER_PATH}/Alamofire.framework",
				"${TARGET_BUILD_DIR}/${FRAMEWORKS_FOLDER_PATH}/Moya.framework",
				"${TARGET_BUILD_DIR}/${FRAMEWORKS_FOLDER_PATH}/Result.framework",
				"${TARGET_BUILD_DIR}/${FRAMEWORKS_FOLDER_PATH}/RxAtomic.framework",
				"${TARGET_BUILD_DIR}/${FRAMEWORKS_FOLDER_PATH}/RxCocoa.framework",
				"${TARGET_BUILD_DIR}/${FRAMEWORKS_FOLDER_PATH}/RxSwift.framework",
			);
			runOnlyForDeploymentPostprocessing = 0;
			shellPath = /bin/sh;
			shellScript = "\"${PODS_ROOT}/Target Support Files/Pods-Cities/Pods-Cities-frameworks.sh\"\n";
			showEnvVarsInLog = 0;
		};
/* End PBXShellScriptBuildPhase section */

/* Begin PBXSourcesBuildPhase section */
		A3BDC6EE223F732F006C7F90 /* Sources */ = {
			isa = PBXSourcesBuildPhase;
			buildActionMask = 2147483647;
			files = (
				A351A4C02243F75200D0D031 /* CountriesTarget.swift in Sources */,
				A3EA5C13223FA48C00B471A0 /* AppCoordinator.swift in Sources */,
				A3EA5C0E223FA1ED00B471A0 /* CountriesListViewModel.swift in Sources */,
				A3EA5C11223FA40800B471A0 /* Coordinator.swift in Sources */,
				A3BDC6F6223F732F006C7F90 /* AppDelegate.swift in Sources */,
				A351A4C72244079900D0D031 /* CountryCoordinator.swift in Sources */,
				A3EA5C0B223FA1BE00B471A0 /* CountriesListViewController.swift in Sources */,
				A351A4B52240F46F00D0D031 /* CountryCell.swift in Sources */,
				A3EA5C16223FA5A900B471A0 /* UIViewController+Rx.swift in Sources */,
				A351A4C9224407A300D0D031 /* CountryViewModel.swift in Sources */,
				A351A4BE2243EE8C00D0D031 /* CountriesAPI.swift in Sources */,
				A351A4BB2243EBB300D0D031 /* Country.swift in Sources */,
				A351A4B92243EAAC00D0D031 /* CountriesService.swift in Sources */,
				A3EA5C18223FA62C00B471A0 /* CountriesListCoordinator.swift in Sources */,
				A351A4C42244078600D0D031 /* CountryViewController.swift in Sources */,
			);
			runOnlyForDeploymentPostprocessing = 0;
		};
		A3BDC702223F7331006C7F90 /* Sources */ = {
			isa = PBXSourcesBuildPhase;
			buildActionMask = 2147483647;
			files = (
				A3BDC70B223F7331006C7F90 /* CitiesTests.swift in Sources */,
			);
			runOnlyForDeploymentPostprocessing = 0;
		};
/* End PBXSourcesBuildPhase section */

/* Begin PBXTargetDependency section */
		A3BDC708223F7331006C7F90 /* PBXTargetDependency */ = {
			isa = PBXTargetDependency;
			target = A3BDC6F1223F732F006C7F90 /* Cities */;
			targetProxy = A3BDC707223F7331006C7F90 /* PBXContainerItemProxy */;
		};
/* End PBXTargetDependency section */

/* Begin PBXVariantGroup section */
		A3BDC6F9223F732F006C7F90 /* Main.storyboard */ = {
			isa = PBXVariantGroup;
			children = (
				A3BDC6FA223F732F006C7F90 /* Base */,
			);
			name = Main.storyboard;
			sourceTree = "<group>";
		};
		A3BDC6FE223F7330006C7F90 /* LaunchScreen.storyboard */ = {
			isa = PBXVariantGroup;
			children = (
				A3BDC6FF223F7330006C7F90 /* Base */,
			);
			name = LaunchScreen.storyboard;
			sourceTree = "<group>";
		};
/* End PBXVariantGroup section */

/* Begin XCBuildConfiguration section */
		A3BDC70D223F7331006C7F90 /* Debug */ = {
			isa = XCBuildConfiguration;
			buildSettings = {
				ALWAYS_SEARCH_USER_PATHS = NO;
				CLANG_ANALYZER_NONNULL = YES;
				CLANG_ANALYZER_NUMBER_OBJECT_CONVERSION = YES_AGGRESSIVE;
				CLANG_CXX_LANGUAGE_STANDARD = "gnu++14";
				CLANG_CXX_LIBRARY = "libc++";
				CLANG_ENABLE_MODULES = YES;
				CLANG_ENABLE_OBJC_ARC = YES;
				CLANG_ENABLE_OBJC_WEAK = YES;
				CLANG_WARN_BLOCK_CAPTURE_AUTORELEASING = YES;
				CLANG_WARN_BOOL_CONVERSION = YES;
				CLANG_WARN_COMMA = YES;
				CLANG_WARN_CONSTANT_CONVERSION = YES;
				CLANG_WARN_DEPRECATED_OBJC_IMPLEMENTATIONS = YES;
				CLANG_WARN_DIRECT_OBJC_ISA_USAGE = YES_ERROR;
				CLANG_WARN_DOCUMENTATION_COMMENTS = YES;
				CLANG_WARN_EMPTY_BODY = YES;
				CLANG_WARN_ENUM_CONVERSION = YES;
				CLANG_WARN_INFINITE_RECURSION = YES;
				CLANG_WARN_INT_CONVERSION = YES;
				CLANG_WARN_NON_LITERAL_NULL_CONVERSION = YES;
				CLANG_WARN_OBJC_IMPLICIT_RETAIN_SELF = YES;
				CLANG_WARN_OBJC_LITERAL_CONVERSION = YES;
				CLANG_WARN_OBJC_ROOT_CLASS = YES_ERROR;
				CLANG_WARN_RANGE_LOOP_ANALYSIS = YES;
				CLANG_WARN_STRICT_PROTOTYPES = YES;
				CLANG_WARN_SUSPICIOUS_MOVE = YES;
				CLANG_WARN_UNGUARDED_AVAILABILITY = YES_AGGRESSIVE;
				CLANG_WARN_UNREACHABLE_CODE = YES;
				CLANG_WARN__DUPLICATE_METHOD_MATCH = YES;
				CODE_SIGN_IDENTITY = "iPhone Developer";
				COPY_PHASE_STRIP = NO;
				DEBUG_INFORMATION_FORMAT = dwarf;
				ENABLE_STRICT_OBJC_MSGSEND = YES;
				ENABLE_TESTABILITY = YES;
				GCC_C_LANGUAGE_STANDARD = gnu11;
				GCC_DYNAMIC_NO_PIC = NO;
				GCC_NO_COMMON_BLOCKS = YES;
				GCC_OPTIMIZATION_LEVEL = 0;
				GCC_PREPROCESSOR_DEFINITIONS = (
					"DEBUG=1",
					"$(inherited)",
				);
				GCC_WARN_64_TO_32_BIT_CONVERSION = YES;
				GCC_WARN_ABOUT_RETURN_TYPE = YES_ERROR;
				GCC_WARN_UNDECLARED_SELECTOR = YES;
				GCC_WARN_UNINITIALIZED_AUTOS = YES_AGGRESSIVE;
				GCC_WARN_UNUSED_FUNCTION = YES;
				GCC_WARN_UNUSED_VARIABLE = YES;
				IPHONEOS_DEPLOYMENT_TARGET = 12.1;
				MTL_ENABLE_DEBUG_INFO = INCLUDE_SOURCE;
				MTL_FAST_MATH = YES;
				ONLY_ACTIVE_ARCH = YES;
				SDKROOT = iphoneos;
				SWIFT_ACTIVE_COMPILATION_CONDITIONS = DEBUG;
				SWIFT_OPTIMIZATION_LEVEL = "-Onone";
			};
			name = Debug;
		};
		A3BDC70E223F7331006C7F90 /* Release */ = {
			isa = XCBuildConfiguration;
			buildSettings = {
				ALWAYS_SEARCH_USER_PATHS = NO;
				CLANG_ANALYZER_NONNULL = YES;
				CLANG_ANALYZER_NUMBER_OBJECT_CONVERSION = YES_AGGRESSIVE;
				CLANG_CXX_LANGUAGE_STANDARD = "gnu++14";
				CLANG_CXX_LIBRARY = "libc++";
				CLANG_ENABLE_MODULES = YES;
				CLANG_ENABLE_OBJC_ARC = YES;
				CLANG_ENABLE_OBJC_WEAK = YES;
				CLANG_WARN_BLOCK_CAPTURE_AUTORELEASING = YES;
				CLANG_WARN_BOOL_CONVERSION = YES;
				CLANG_WARN_COMMA = YES;
				CLANG_WARN_CONSTANT_CONVERSION = YES;
				CLANG_WARN_DEPRECATED_OBJC_IMPLEMENTATIONS = YES;
				CLANG_WARN_DIRECT_OBJC_ISA_USAGE = YES_ERROR;
				CLANG_WARN_DOCUMENTATION_COMMENTS = YES;
				CLANG_WARN_EMPTY_BODY = YES;
				CLANG_WARN_ENUM_CONVERSION = YES;
				CLANG_WARN_INFINITE_RECURSION = YES;
				CLANG_WARN_INT_CONVERSION = YES;
				CLANG_WARN_NON_LITERAL_NULL_CONVERSION = YES;
				CLANG_WARN_OBJC_IMPLICIT_RETAIN_SELF = YES;
				CLANG_WARN_OBJC_LITERAL_CONVERSION = YES;
				CLANG_WARN_OBJC_ROOT_CLASS = YES_ERROR;
				CLANG_WARN_RANGE_LOOP_ANALYSIS = YES;
				CLANG_WARN_STRICT_PROTOTYPES = YES;
				CLANG_WARN_SUSPICIOUS_MOVE = YES;
				CLANG_WARN_UNGUARDED_AVAILABILITY = YES_AGGRESSIVE;
				CLANG_WARN_UNREACHABLE_CODE = YES;
				CLANG_WARN__DUPLICATE_METHOD_MATCH = YES;
				CODE_SIGN_IDENTITY = "iPhone Developer";
				COPY_PHASE_STRIP = NO;
				DEBUG_INFORMATION_FORMAT = "dwarf-with-dsym";
				ENABLE_NS_ASSERTIONS = NO;
				ENABLE_STRICT_OBJC_MSGSEND = YES;
				GCC_C_LANGUAGE_STANDARD = gnu11;
				GCC_NO_COMMON_BLOCKS = YES;
				GCC_WARN_64_TO_32_BIT_CONVERSION = YES;
				GCC_WARN_ABOUT_RETURN_TYPE = YES_ERROR;
				GCC_WARN_UNDECLARED_SELECTOR = YES;
				GCC_WARN_UNINITIALIZED_AUTOS = YES_AGGRESSIVE;
				GCC_WARN_UNUSED_FUNCTION = YES;
				GCC_WARN_UNUSED_VARIABLE = YES;
				IPHONEOS_DEPLOYMENT_TARGET = 12.1;
				MTL_ENABLE_DEBUG_INFO = NO;
				MTL_FAST_MATH = YES;
				SDKROOT = iphoneos;
				SWIFT_COMPILATION_MODE = wholemodule;
				SWIFT_OPTIMIZATION_LEVEL = "-O";
				VALIDATE_PRODUCT = YES;
			};
			name = Release;
		};
		A3BDC710223F7331006C7F90 /* Debug */ = {
			isa = XCBuildConfiguration;
			baseConfigurationReference = 70A224E90B895A804F753ED0 /* Pods-Cities.debug.xcconfig */;
			buildSettings = {
				ASSETCATALOG_COMPILER_APPICON_NAME = AppIcon;
				CODE_SIGN_STYLE = Automatic;
				DEVELOPMENT_TEAM = V99Y2FQ5P5;
				INFOPLIST_FILE = Cities/Info.plist;
				LD_RUNPATH_SEARCH_PATHS = (
					"$(inherited)",
					"@executable_path/Frameworks",
				);
				PRODUCT_BUNDLE_IDENTIFIER = com.nikitamoiseev.Cities;
				PRODUCT_NAME = "$(TARGET_NAME)";
				SWIFT_VERSION = 4.2;
				TARGETED_DEVICE_FAMILY = "1,2";
			};
			name = Debug;
		};
		A3BDC711223F7331006C7F90 /* Release */ = {
			isa = XCBuildConfiguration;
			baseConfigurationReference = 0705F7684B71F9E54A483A0C /* Pods-Cities.release.xcconfig */;
			buildSettings = {
				ASSETCATALOG_COMPILER_APPICON_NAME = AppIcon;
				CODE_SIGN_STYLE = Automatic;
				DEVELOPMENT_TEAM = V99Y2FQ5P5;
				INFOPLIST_FILE = Cities/Info.plist;
				LD_RUNPATH_SEARCH_PATHS = (
					"$(inherited)",
					"@executable_path/Frameworks",
				);
				PRODUCT_BUNDLE_IDENTIFIER = com.nikitamoiseev.Cities;
				PRODUCT_NAME = "$(TARGET_NAME)";
				SWIFT_VERSION = 4.2;
				TARGETED_DEVICE_FAMILY = "1,2";
			};
			name = Release;
		};
		A3BDC713223F7331006C7F90 /* Debug */ = {
			isa = XCBuildConfiguration;
			baseConfigurationReference = 6E6928C760C9B2158ADF0764 /* Pods-CitiesTests.debug.xcconfig */;
			buildSettings = {
				BUNDLE_LOADER = "$(TEST_HOST)";
				CODE_SIGN_STYLE = Automatic;
				DEVELOPMENT_TEAM = V99Y2FQ5P5;
				INFOPLIST_FILE = CitiesTests/Info.plist;
				LD_RUNPATH_SEARCH_PATHS = (
					"$(inherited)",
					"@executable_path/Frameworks",
					"@loader_path/Frameworks",
				);
				PRODUCT_BUNDLE_IDENTIFIER = com.nikitamoiseev.CitiesTests;
				PRODUCT_NAME = "$(TARGET_NAME)";
				SWIFT_VERSION = 4.2;
				TARGETED_DEVICE_FAMILY = "1,2";
				TEST_HOST = "$(BUILT_PRODUCTS_DIR)/Cities.app/Cities";
			};
			name = Debug;
		};
		A3BDC714223F7331006C7F90 /* Release */ = {
			isa = XCBuildConfiguration;
			baseConfigurationReference = 9CCD8FC42EFC95D8F045770B /* Pods-CitiesTests.release.xcconfig */;
			buildSettings = {
				BUNDLE_LOADER = "$(TEST_HOST)";
				CODE_SIGN_STYLE = Automatic;
				DEVELOPMENT_TEAM = V99Y2FQ5P5;
				INFOPLIST_FILE = CitiesTests/Info.plist;
				LD_RUNPATH_SEARCH_PATHS = (
					"$(inherited)",
					"@executable_path/Frameworks",
					"@loader_path/Frameworks",
				);
				PRODUCT_BUNDLE_IDENTIFIER = com.nikitamoiseev.CitiesTests;
				PRODUCT_NAME = "$(TARGET_NAME)";
				SWIFT_VERSION = 4.2;
				TARGETED_DEVICE_FAMILY = "1,2";
				TEST_HOST = "$(BUILT_PRODUCTS_DIR)/Cities.app/Cities";
			};
			name = Release;
		};
/* End XCBuildConfiguration section */

/* Begin XCConfigurationList section */
		A3BDC6ED223F732F006C7F90 /* Build configuration list for PBXProject "Cities" */ = {
			isa = XCConfigurationList;
			buildConfigurations = (
				A3BDC70D223F7331006C7F90 /* Debug */,
				A3BDC70E223F7331006C7F90 /* Release */,
			);
			defaultConfigurationIsVisible = 0;
			defaultConfigurationName = Release;
		};
		A3BDC70F223F7331006C7F90 /* Build configuration list for PBXNativeTarget "Cities" */ = {
			isa = XCConfigurationList;
			buildConfigurations = (
				A3BDC710223F7331006C7F90 /* Debug */,
				A3BDC711223F7331006C7F90 /* Release */,
			);
			defaultConfigurationIsVisible = 0;
			defaultConfigurationName = Release;
		};
		A3BDC712223F7331006C7F90 /* Build configuration list for PBXNativeTarget "CitiesTests" */ = {
			isa = XCConfigurationList;
			buildConfigurations = (
				A3BDC713223F7331006C7F90 /* Debug */,
				A3BDC714223F7331006C7F90 /* Release */,
			);
			defaultConfigurationIsVisible = 0;
			defaultConfigurationName = Release;
		};
/* End XCConfigurationList section */
	};
	rootObject = A3BDC6EA223F732F006C7F90 /* Project object */;
}
